// !$*UTF8*$!
{
	archiveVersion = 1;
	classes = {
	};
	objectVersion = 56;
	objects = {

/* Begin PBXBuildFile section */
		68A7E2F52CAAED400041A6B3 /* 0.wav in Resources */ = {isa = PBXBuildFile; fileRef = 68A7E2F42CAAED400041A6B3 /* 0.wav */; };
		68A7E2F72CAAED4B0041A6B3 /* 1.wav in Resources */ = {isa = PBXBuildFile; fileRef = 68A7E2F62CAAED4B0041A6B3 /* 1.wav */; };
		68A7E2FD2CAAED570041A6B3 /* Lose.wav in Resources */ = {isa = PBXBuildFile; fileRef = 68A7E2FB2CAAED570041A6B3 /* Lose.wav */; };
		68A7E2FE2CAAED570041A6B3 /* Start.wav in Resources */ = {isa = PBXBuildFile; fileRef = 68A7E2FC2CAAED570041A6B3 /* Start.wav */; };
		68A7E2FF2CAAED570041A6B3 /* 3.wav in Resources */ = {isa = PBXBuildFile; fileRef = 68A7E2F92CAAED570041A6B3 /* 3.wav */; };
		68A7E3002CAAED570041A6B3 /* 2.wav in Resources */ = {isa = PBXBuildFile; fileRef = 68A7E2F82CAAED570041A6B3 /* 2.wav */; };
		68A7E3012CAAED570041A6B3 /* HighScore.wav in Resources */ = {isa = PBXBuildFile; fileRef = 68A7E2FA2CAAED570041A6B3 /* HighScore.wav */; };
		68A7E3032CAAF19B0041A6B3 /* impact.ttf in Resources */ = {isa = PBXBuildFile; fileRef = 68A7E3022CAAF19B0041A6B3 /* impact.ttf */; };
		68F360E92C9C6D4100D4B75E /* SimonApp.swift in Sources */ = {isa = PBXBuildFile; fileRef = 68F360E82C9C6D4100D4B75E /* SimonApp.swift */; };
		68F360EB2C9C6D4100D4B75E /* ContentView.swift in Sources */ = {isa = PBXBuildFile; fileRef = 68F360EA2C9C6D4100D4B75E /* ContentView.swift */; };
		68F360ED2C9C6D4200D4B75E /* Assets.xcassets in Resources */ = {isa = PBXBuildFile; fileRef = 68F360EC2C9C6D4200D4B75E /* Assets.xcassets */; };
		68F360F12C9C6D4200D4B75E /* Preview Assets.xcassets in Resources */ = {isa = PBXBuildFile; fileRef = 68F360F02C9C6D4200D4B75E /* Preview Assets.xcassets */; };
		68F360FB2C9C6D4300D4B75E /* SimonTests.swift in Sources */ = {isa = PBXBuildFile; fileRef = 68F360FA2C9C6D4300D4B75E /* SimonTests.swift */; };
		68F361052C9C6D4300D4B75E /* SimonUITests.swift in Sources */ = {isa = PBXBuildFile; fileRef = 68F361042C9C6D4300D4B75E /* SimonUITests.swift */; };
		68F361072C9C6D4300D4B75E /* SimonUITestsLaunchTests.swift in Sources */ = {isa = PBXBuildFile; fileRef = 68F361062C9C6D4300D4B75E /* SimonUITestsLaunchTests.swift */; };
/* End PBXBuildFile section */

/* Begin PBXContainerItemProxy section */
		68F360F72C9C6D4300D4B75E /* PBXContainerItemProxy */ = {
			isa = PBXContainerItemProxy;
			containerPortal = 68F360DD2C9C6D4100D4B75E /* Project object */;
			proxyType = 1;
			remoteGlobalIDString = 68F360E42C9C6D4100D4B75E;
			remoteInfo = Simon;
		};
		68F361012C9C6D4300D4B75E /* PBXContainerItemProxy */ = {
			isa = PBXContainerItemProxy;
			containerPortal = 68F360DD2C9C6D4100D4B75E /* Project object */;
			proxyType = 1;
			remoteGlobalIDString = 68F360E42C9C6D4100D4B75E;
			remoteInfo = Simon;
		};
/* End PBXContainerItemProxy section */

/* Begin PBXFileReference section */
		68A7E2F42CAAED400041A6B3 /* 0.wav */ = {isa = PBXFileReference; lastKnownFileType = audio.wav; path = 0.wav; sourceTree = "<group>"; };
		68A7E2F62CAAED4B0041A6B3 /* 1.wav */ = {isa = PBXFileReference; lastKnownFileType = audio.wav; path = 1.wav; sourceTree = "<group>"; };
		68A7E2F82CAAED570041A6B3 /* 2.wav */ = {isa = PBXFileReference; lastKnownFileType = audio.wav; path = 2.wav; sourceTree = "<group>"; };
		68A7E2F92CAAED570041A6B3 /* 3.wav */ = {isa = PBXFileReference; lastKnownFileType = audio.wav; path = 3.wav; sourceTree = "<group>"; };
		68A7E2FA2CAAED570041A6B3 /* HighScore.wav */ = {isa = PBXFileReference; lastKnownFileType = audio.wav; path = HighScore.wav; sourceTree = "<group>"; };
		68A7E2FB2CAAED570041A6B3 /* Lose.wav */ = {isa = PBXFileReference; lastKnownFileType = audio.wav; path = Lose.wav; sourceTree = "<group>"; };
		68A7E2FC2CAAED570041A6B3 /* Start.wav */ = {isa = PBXFileReference; lastKnownFileType = audio.wav; path = Start.wav; sourceTree = "<group>"; };
		68A7E3022CAAF19B0041A6B3 /* impact.ttf */ = {isa = PBXFileReference; lastKnownFileType = file; path = impact.ttf; sourceTree = "<group>"; };
		68F360E52C9C6D4100D4B75E /* Simon.app */ = {isa = PBXFileReference; explicitFileType = wrapper.application; includeInIndex = 0; path = Simon.app; sourceTree = BUILT_PRODUCTS_DIR; };
		68F360E82C9C6D4100D4B75E /* SimonApp.swift */ = {isa = PBXFileReference; lastKnownFileType = sourcecode.swift; path = SimonApp.swift; sourceTree = "<group>"; };
		68F360EA2C9C6D4100D4B75E /* ContentView.swift */ = {isa = PBXFileReference; lastKnownFileType = sourcecode.swift; path = ContentView.swift; sourceTree = "<group>"; };
		68F360EC2C9C6D4200D4B75E /* Assets.xcassets */ = {isa = PBXFileReference; lastKnownFileType = folder.assetcatalog; path = Assets.xcassets; sourceTree = "<group>"; };
		68F360EE2C9C6D4200D4B75E /* Simon.entitlements */ = {isa = PBXFileReference; lastKnownFileType = text.plist.entitlements; path = Simon.entitlements; sourceTree = "<group>"; };
		68F360F02C9C6D4200D4B75E /* Preview Assets.xcassets */ = {isa = PBXFileReference; lastKnownFileType = folder.assetcatalog; path = "Preview Assets.xcassets"; sourceTree = "<group>"; };
		68F360F62C9C6D4300D4B75E /* SimonTests.xctest */ = {isa = PBXFileReference; explicitFileType = wrapper.cfbundle; includeInIndex = 0; path = SimonTests.xctest; sourceTree = BUILT_PRODUCTS_DIR; };
		68F360FA2C9C6D4300D4B75E /* SimonTests.swift */ = {isa = PBXFileReference; lastKnownFileType = sourcecode.swift; path = SimonTests.swift; sourceTree = "<group>"; };
		68F361002C9C6D4300D4B75E /* SimonUITests.xctest */ = {isa = PBXFileReference; explicitFileType = wrapper.cfbundle; includeInIndex = 0; path = SimonUITests.xctest; sourceTree = BUILT_PRODUCTS_DIR; };
		68F361042C9C6D4300D4B75E /* SimonUITests.swift */ = {isa = PBXFileReference; lastKnownFileType = sourcecode.swift; path = SimonUITests.swift; sourceTree = "<group>"; };
		68F361062C9C6D4300D4B75E /* SimonUITestsLaunchTests.swift */ = {isa = PBXFileReference; lastKnownFileType = sourcecode.swift; path = SimonUITestsLaunchTests.swift; sourceTree = "<group>"; };
/* End PBXFileReference section */

/* Begin PBXFrameworksBuildPhase section */
		68F360E22C9C6D4100D4B75E /* Frameworks */ = {
			isa = PBXFrameworksBuildPhase;
			buildActionMask = 2147483647;
			files = (
			);
			runOnlyForDeploymentPostprocessing = 0;
		};
		68F360F32C9C6D4300D4B75E /* Frameworks */ = {
			isa = PBXFrameworksBuildPhase;
			buildActionMask = 2147483647;
			files = (
			);
			runOnlyForDeploymentPostprocessing = 0;
		};
		68F360FD2C9C6D4300D4B75E /* Frameworks */ = {
			isa = PBXFrameworksBuildPhase;
			buildActionMask = 2147483647;
			files = (
			);
			runOnlyForDeploymentPostprocessing = 0;
		};
/* End PBXFrameworksBuildPhase section */

/* Begin PBXGroup section */
		68F360DC2C9C6D4100D4B75E = {
			isa = PBXGroup;
			children = (
				68F360E72C9C6D4100D4B75E /* Simon */,
				68F360F92C9C6D4300D4B75E /* SimonTests */,
				68F361032C9C6D4300D4B75E /* SimonUITests */,
				68F360E62C9C6D4100D4B75E /* Products */,
			);
			sourceTree = "<group>";
		};
		68F360E62C9C6D4100D4B75E /* Products */ = {
			isa = PBXGroup;
			children = (
				68F360E52C9C6D4100D4B75E /* Simon.app */,
				68F360F62C9C6D4300D4B75E /* SimonTests.xctest */,
				68F361002C9C6D4300D4B75E /* SimonUITests.xctest */,
			);
			name = Products;
			sourceTree = "<group>";
		};
		68F360E72C9C6D4100D4B75E /* Simon */ = {
			isa = PBXGroup;
			children = (
				68F360E82C9C6D4100D4B75E /* SimonApp.swift */,
				68F360EA2C9C6D4100D4B75E /* ContentView.swift */,
				68F360EC2C9C6D4200D4B75E /* Assets.xcassets */,
				68F360EE2C9C6D4200D4B75E /* Simon.entitlements */,
				68A7E2F42CAAED400041A6B3 /* 0.wav */,
				68A7E2F62CAAED4B0041A6B3 /* 1.wav */,
				68A7E2F82CAAED570041A6B3 /* 2.wav */,
				68A7E2F92CAAED570041A6B3 /* 3.wav */,
				68A7E2FA2CAAED570041A6B3 /* HighScore.wav */,
				68A7E2FB2CAAED570041A6B3 /* Lose.wav */,
				68A7E2FC2CAAED570041A6B3 /* Start.wav */,
				68A7E3022CAAF19B0041A6B3 /* impact.ttf */,
				68F360EF2C9C6D4200D4B75E /* Preview Content */,
			);
			path = Simon;
			sourceTree = "<group>";
		};
		68F360EF2C9C6D4200D4B75E /* Preview Content */ = {
			isa = PBXGroup;
			children = (
				68F360F02C9C6D4200D4B75E /* Preview Assets.xcassets */,
			);
			path = "Preview Content";
			sourceTree = "<group>";
		};
		68F360F92C9C6D4300D4B75E /* SimonTests */ = {
			isa = PBXGroup;
			children = (
				68F360FA2C9C6D4300D4B75E /* SimonTests.swift */,
			);
			path = SimonTests;
			sourceTree = "<group>";
		};
		68F361032C9C6D4300D4B75E /* SimonUITests */ = {
			isa = PBXGroup;
			children = (
				68F361042C9C6D4300D4B75E /* SimonUITests.swift */,
				68F361062C9C6D4300D4B75E /* SimonUITestsLaunchTests.swift */,
			);
			path = SimonUITests;
			sourceTree = "<group>";
		};
/* End PBXGroup section */

/* Begin PBXNativeTarget section */
		68F360E42C9C6D4100D4B75E /* Simon */ = {
			isa = PBXNativeTarget;
			buildConfigurationList = 68F3610A2C9C6D4300D4B75E /* Build configuration list for PBXNativeTarget "Simon" */;
			buildPhases = (
				68F360E12C9C6D4100D4B75E /* Sources */,
				68F360E22C9C6D4100D4B75E /* Frameworks */,
				68F360E32C9C6D4100D4B75E /* Resources */,
			);
			buildRules = (
			);
			dependencies = (
			);
			name = Simon;
			productName = Simon;
			productReference = 68F360E52C9C6D4100D4B75E /* Simon.app */;
			productType = "com.apple.product-type.application";
		};
		68F360F52C9C6D4300D4B75E /* SimonTests */ = {
			isa = PBXNativeTarget;
			buildConfigurationList = 68F3610D2C9C6D4300D4B75E /* Build configuration list for PBXNativeTarget "SimonTests" */;
			buildPhases = (
				68F360F22C9C6D4300D4B75E /* Sources */,
				68F360F32C9C6D4300D4B75E /* Frameworks */,
				68F360F42C9C6D4300D4B75E /* Resources */,
			);
			buildRules = (
			);
			dependencies = (
				68F360F82C9C6D4300D4B75E /* PBXTargetDependency */,
			);
			name = SimonTests;
			productName = SimonTests;
			productReference = 68F360F62C9C6D4300D4B75E /* SimonTests.xctest */;
			productType = "com.apple.product-type.bundle.unit-test";
		};
		68F360FF2C9C6D4300D4B75E /* SimonUITests */ = {
			isa = PBXNativeTarget;
			buildConfigurationList = 68F361102C9C6D4300D4B75E /* Build configuration list for PBXNativeTarget "SimonUITests" */;
			buildPhases = (
				68F360FC2C9C6D4300D4B75E /* Sources */,
				68F360FD2C9C6D4300D4B75E /* Frameworks */,
				68F360FE2C9C6D4300D4B75E /* Resources */,
			);
			buildRules = (
			);
			dependencies = (
				68F361022C9C6D4300D4B75E /* PBXTargetDependency */,
			);
			name = SimonUITests;
			productName = SimonUITests;
			productReference = 68F361002C9C6D4300D4B75E /* SimonUITests.xctest */;
			productType = "com.apple.product-type.bundle.ui-testing";
		};
/* End PBXNativeTarget section */

/* Begin PBXProject section */
		68F360DD2C9C6D4100D4B75E /* Project object */ = {
			isa = PBXProject;
			attributes = {
				BuildIndependentTargetsInParallel = 1;
				LastSwiftUpdateCheck = 1540;
				LastUpgradeCheck = 1540;
				TargetAttributes = {
					68F360E42C9C6D4100D4B75E = {
						CreatedOnToolsVersion = 15.4;
					};
					68F360F52C9C6D4300D4B75E = {
						CreatedOnToolsVersion = 15.4;
						TestTargetID = 68F360E42C9C6D4100D4B75E;
					};
					68F360FF2C9C6D4300D4B75E = {
						CreatedOnToolsVersion = 15.4;
						TestTargetID = 68F360E42C9C6D4100D4B75E;
					};
				};
			};
			buildConfigurationList = 68F360E02C9C6D4100D4B75E /* Build configuration list for PBXProject "Simon" */;
			compatibilityVersion = "Xcode 14.0";
			developmentRegion = en;
			hasScannedForEncodings = 0;
			knownRegions = (
				en,
				Base,
			);
			mainGroup = 68F360DC2C9C6D4100D4B75E;
			productRefGroup = 68F360E62C9C6D4100D4B75E /* Products */;
			projectDirPath = "";
			projectRoot = "";
			targets = (
				68F360E42C9C6D4100D4B75E /* Simon */,
				68F360F52C9C6D4300D4B75E /* SimonTests */,
				68F360FF2C9C6D4300D4B75E /* SimonUITests */,
			);
		};
/* End PBXProject section */

/* Begin PBXResourcesBuildPhase section */
		68F360E32C9C6D4100D4B75E /* Resources */ = {
			isa = PBXResourcesBuildPhase;
			buildActionMask = 2147483647;
			files = (
				68A7E3032CAAF19B0041A6B3 /* impact.ttf in Resources */,
				68A7E2F52CAAED400041A6B3 /* 0.wav in Resources */,
				68A7E2FD2CAAED570041A6B3 /* Lose.wav in Resources */,
				68A7E2FE2CAAED570041A6B3 /* Start.wav in Resources */,
				68A7E2FF2CAAED570041A6B3 /* 3.wav in Resources */,
				68A7E3002CAAED570041A6B3 /* 2.wav in Resources */,
				68A7E3012CAAED570041A6B3 /* HighScore.wav in Resources */,
				68F360F12C9C6D4200D4B75E /* Preview Assets.xcassets in Resources */,
				68A7E2F72CAAED4B0041A6B3 /* 1.wav in Resources */,
				68F360ED2C9C6D4200D4B75E /* Assets.xcassets in Resources */,
			);
			runOnlyForDeploymentPostprocessing = 0;
		};
		68F360F42C9C6D4300D4B75E /* Resources */ = {
			isa = PBXResourcesBuildPhase;
			buildActionMask = 2147483647;
			files = (
			);
			runOnlyForDeploymentPostprocessing = 0;
		};
		68F360FE2C9C6D4300D4B75E /* Resources */ = {
			isa = PBXResourcesBuildPhase;
			buildActionMask = 2147483647;
			files = (
			);
			runOnlyForDeploymentPostprocessing = 0;
		};
/* End PBXResourcesBuildPhase section */

/* Begin PBXSourcesBuildPhase section */
		68F360E12C9C6D4100D4B75E /* Sources */ = {
			isa = PBXSourcesBuildPhase;
			buildActionMask = 2147483647;
			files = (
				68F360EB2C9C6D4100D4B75E /* ContentView.swift in Sources */,
				68F360E92C9C6D4100D4B75E /* SimonApp.swift in Sources */,
			);
			runOnlyForDeploymentPostprocessing = 0;
		};
		68F360F22C9C6D4300D4B75E /* Sources */ = {
			isa = PBXSourcesBuildPhase;
			buildActionMask = 2147483647;
			files = (
				68F360FB2C9C6D4300D4B75E /* SimonTests.swift in Sources */,
			);
			runOnlyForDeploymentPostprocessing = 0;
		};
		68F360FC2C9C6D4300D4B75E /* Sources */ = {
			isa = PBXSourcesBuildPhase;
			buildActionMask = 2147483647;
			files = (
				68F361052C9C6D4300D4B75E /* SimonUITests.swift in Sources */,
				68F361072C9C6D4300D4B75E /* SimonUITestsLaunchTests.swift in Sources */,
			);
			runOnlyForDeploymentPostprocessing = 0;
		};
/* End PBXSourcesBuildPhase section */

/* Begin PBXTargetDependency section */
		68F360F82C9C6D4300D4B75E /* PBXTargetDependency */ = {
			isa = PBXTargetDependency;
			target = 68F360E42C9C6D4100D4B75E /* Simon */;
			targetProxy = 68F360F72C9C6D4300D4B75E /* PBXContainerItemProxy */;
		};
		68F361022C9C6D4300D4B75E /* PBXTargetDependency */ = {
			isa = PBXTargetDependency;
			target = 68F360E42C9C6D4100D4B75E /* Simon */;
			targetProxy = 68F361012C9C6D4300D4B75E /* PBXContainerItemProxy */;
		};
/* End PBXTargetDependency section */

/* Begin XCBuildConfiguration section */
		68F361082C9C6D4300D4B75E /* Debug */ = {
			isa = XCBuildConfiguration;
			buildSettings = {
				ALWAYS_SEARCH_USER_PATHS = NO;
				ASSETCATALOG_COMPILER_GENERATE_SWIFT_ASSET_SYMBOL_EXTENSIONS = YES;
				CLANG_ANALYZER_NONNULL = YES;
				CLANG_ANALYZER_NUMBER_OBJECT_CONVERSION = YES_AGGRESSIVE;
				CLANG_CXX_LANGUAGE_STANDARD = "gnu++20";
				CLANG_ENABLE_MODULES = YES;
				CLANG_ENABLE_OBJC_ARC = YES;
				CLANG_ENABLE_OBJC_WEAK = YES;
				CLANG_WARN_BLOCK_CAPTURE_AUTORELEASING = YES;
				CLANG_WARN_BOOL_CONVERSION = YES;
				CLANG_WARN_COMMA = YES;
				CLANG_WARN_CONSTANT_CONVERSION = YES;
				CLANG_WARN_DEPRECATED_OBJC_IMPLEMENTATIONS = YES;
				CLANG_WARN_DIRECT_OBJC_ISA_USAGE = YES_ERROR;
				CLANG_WARN_DOCUMENTATION_COMMENTS = YES;
				CLANG_WARN_EMPTY_BODY = YES;
				CLANG_WARN_ENUM_CONVERSION = YES;
				CLANG_WARN_INFINITE_RECURSION = YES;
				CLANG_WARN_INT_CONVERSION = YES;
				CLANG_WARN_NON_LITERAL_NULL_CONVERSION = YES;
				CLANG_WARN_OBJC_IMPLICIT_RETAIN_SELF = YES;
				CLANG_WARN_OBJC_LITERAL_CONVERSION = YES;
				CLANG_WARN_OBJC_ROOT_CLASS = YES_ERROR;
				CLANG_WARN_QUOTED_INCLUDE_IN_FRAMEWORK_HEADER = YES;
				CLANG_WARN_RANGE_LOOP_ANALYSIS = YES;
				CLANG_WARN_STRICT_PROTOTYPES = YES;
				CLANG_WARN_SUSPICIOUS_MOVE = YES;
				CLANG_WARN_UNGUARDED_AVAILABILITY = YES_AGGRESSIVE;
				CLANG_WARN_UNREACHABLE_CODE = YES;
				CLANG_WARN__DUPLICATE_METHOD_MATCH = YES;
				COPY_PHASE_STRIP = NO;
				DEBUG_INFORMATION_FORMAT = dwarf;
				ENABLE_STRICT_OBJC_MSGSEND = YES;
				ENABLE_TESTABILITY = YES;
				ENABLE_USER_SCRIPT_SANDBOXING = YES;
				GCC_C_LANGUAGE_STANDARD = gnu17;
				GCC_DYNAMIC_NO_PIC = NO;
				GCC_NO_COMMON_BLOCKS = YES;
				GCC_OPTIMIZATION_LEVEL = 0;
				GCC_PREPROCESSOR_DEFINITIONS = (
					"DEBUG=1",
					"$(inherited)",
				);
				GCC_WARN_64_TO_32_BIT_CONVERSION = YES;
				GCC_WARN_ABOUT_RETURN_TYPE = YES_ERROR;
				GCC_WARN_UNDECLARED_SELECTOR = YES;
				GCC_WARN_UNINITIALIZED_AUTOS = YES_AGGRESSIVE;
				GCC_WARN_UNUSED_FUNCTION = YES;
				GCC_WARN_UNUSED_VARIABLE = YES;
				LOCALIZATION_PREFERS_STRING_CATALOGS = YES;
				MTL_ENABLE_DEBUG_INFO = INCLUDE_SOURCE;
				MTL_FAST_MATH = YES;
				ONLY_ACTIVE_ARCH = YES;
				SWIFT_ACTIVE_COMPILATION_CONDITIONS = "DEBUG $(inherited)";
				SWIFT_OPTIMIZATION_LEVEL = "-Onone";
			};
			name = Debug;
		};
		68F361092C9C6D4300D4B75E /* Release */ = {
			isa = XCBuildConfiguration;
			buildSettings = {
				ALWAYS_SEARCH_USER_PATHS = NO;
				ASSETCATALOG_COMPILER_GENERATE_SWIFT_ASSET_SYMBOL_EXTENSIONS = YES;
				CLANG_ANALYZER_NONNULL = YES;
				CLANG_ANALYZER_NUMBER_OBJECT_CONVERSION = YES_AGGRESSIVE;
				CLANG_CXX_LANGUAGE_STANDARD = "gnu++20";
				CLANG_ENABLE_MODULES = YES;
				CLANG_ENABLE_OBJC_ARC = YES;
				CLANG_ENABLE_OBJC_WEAK = YES;
				CLANG_WARN_BLOCK_CAPTURE_AUTORELEASING = YES;
				CLANG_WARN_BOOL_CONVERSION = YES;
				CLANG_WARN_COMMA = YES;
				CLANG_WARN_CONSTANT_CONVERSION = YES;
				CLANG_WARN_DEPRECATED_OBJC_IMPLEMENTATIONS = YES;
				CLANG_WARN_DIRECT_OBJC_ISA_USAGE = YES_ERROR;
				CLANG_WARN_DOCUMENTATION_COMMENTS = YES;
				CLANG_WARN_EMPTY_BODY = YES;
				CLANG_WARN_ENUM_CONVERSION = YES;
				CLANG_WARN_INFINITE_RECURSION = YES;
				CLANG_WARN_INT_CONVERSION = YES;
				CLANG_WARN_NON_LITERAL_NULL_CONVERSION = YES;
				CLANG_WARN_OBJC_IMPLICIT_RETAIN_SELF = YES;
				CLANG_WARN_OBJC_LITERAL_CONVERSION = YES;
				CLANG_WARN_OBJC_ROOT_CLASS = YES_ERROR;
				CLANG_WARN_QUOTED_INCLUDE_IN_FRAMEWORK_HEADER = YES;
				CLANG_WARN_RANGE_LOOP_ANALYSIS = YES;
				CLANG_WARN_STRICT_PROTOTYPES = YES;
				CLANG_WARN_SUSPICIOUS_MOVE = YES;
				CLANG_WARN_UNGUARDED_AVAILABILITY = YES_AGGRESSIVE;
				CLANG_WARN_UNREACHABLE_CODE = YES;
				CLANG_WARN__DUPLICATE_METHOD_MATCH = YES;
				COPY_PHASE_STRIP = NO;
				DEBUG_INFORMATION_FORMAT = "dwarf-with-dsym";
				ENABLE_NS_ASSERTIONS = NO;
				ENABLE_STRICT_OBJC_MSGSEND = YES;
				ENABLE_USER_SCRIPT_SANDBOXING = YES;
				GCC_C_LANGUAGE_STANDARD = gnu17;
				GCC_NO_COMMON_BLOCKS = YES;
				GCC_WARN_64_TO_32_BIT_CONVERSION = YES;
				GCC_WARN_ABOUT_RETURN_TYPE = YES_ERROR;
				GCC_WARN_UNDECLARED_SELECTOR = YES;
				GCC_WARN_UNINITIALIZED_AUTOS = YES_AGGRESSIVE;
				GCC_WARN_UNUSED_FUNCTION = YES;
				GCC_WARN_UNUSED_VARIABLE = YES;
				LOCALIZATION_PREFERS_STRING_CATALOGS = YES;
				MTL_ENABLE_DEBUG_INFO = NO;
				MTL_FAST_MATH = YES;
				SWIFT_COMPILATION_MODE = wholemodule;
			};
			name = Release;
		};
		68F3610B2C9C6D4300D4B75E /* Debug */ = {
			isa = XCBuildConfiguration;
			buildSettings = {
				ASSETCATALOG_COMPILER_APPICON_NAME = AppIcon;
				ASSETCATALOG_COMPILER_GLOBAL_ACCENT_COLOR_NAME = AccentColor;
				CODE_SIGN_ENTITLEMENTS = Simon/Simon.entitlements;
				CODE_SIGN_STYLE = Automatic;
				CURRENT_PROJECT_VERSION = 1;
				DEVELOPMENT_ASSET_PATHS = "\"Simon/Preview Content\"";
				DEVELOPMENT_TEAM = XVX655S9D6;
				ENABLE_HARDENED_RUNTIME = YES;
				ENABLE_PREVIEWS = YES;
				GENERATE_INFOPLIST_FILE = YES;
				"INFOPLIST_KEY_UIApplicationSceneManifest_Generation[sdk=iphoneos*]" = YES;
				"INFOPLIST_KEY_UIApplicationSceneManifest_Generation[sdk=iphonesimulator*]" = YES;
				"INFOPLIST_KEY_UIApplicationSupportsIndirectInputEvents[sdk=iphoneos*]" = YES;
				"INFOPLIST_KEY_UIApplicationSupportsIndirectInputEvents[sdk=iphonesimulator*]" = YES;
				"INFOPLIST_KEY_UILaunchScreen_Generation[sdk=iphoneos*]" = YES;
				"INFOPLIST_KEY_UILaunchScreen_Generation[sdk=iphonesimulator*]" = YES;
				"INFOPLIST_KEY_UIStatusBarStyle[sdk=iphoneos*]" = UIStatusBarStyleDefault;
				"INFOPLIST_KEY_UIStatusBarStyle[sdk=iphonesimulator*]" = UIStatusBarStyleDefault;
				INFOPLIST_KEY_UISupportedInterfaceOrientations_iPad = "UIInterfaceOrientationPortrait UIInterfaceOrientationPortraitUpsideDown UIInterfaceOrientationLandscapeLeft UIInterfaceOrientationLandscapeRight";
				INFOPLIST_KEY_UISupportedInterfaceOrientations_iPhone = "UIInterfaceOrientationPortrait UIInterfaceOrientationLandscapeLeft UIInterfaceOrientationLandscapeRight";
				IPHONEOS_DEPLOYMENT_TARGET = 17.5;
				LD_RUNPATH_SEARCH_PATHS = "@executable_path/Frameworks";
				"LD_RUNPATH_SEARCH_PATHS[sdk=macosx*]" = "@executable_path/../Frameworks";
				MACOSX_DEPLOYMENT_TARGET = 14.5;
				MARKETING_VERSION = 1.0;
				PRODUCT_BUNDLE_IDENTIFIER = myCompany.Simon;
				PRODUCT_NAME = "$(TARGET_NAME)";
				SDKROOT = auto;
				SUPPORTED_PLATFORMS = "iphoneos iphonesimulator macosx";
				SWIFT_EMIT_LOC_STRINGS = YES;
				SWIFT_VERSION = 5.0;
				TARGETED_DEVICE_FAMILY = "1,2";
			};
			name = Debug;
		};
		68F3610C2C9C6D4300D4B75E /* Release */ = {
			isa = XCBuildConfiguration;
			buildSettings = {
				ASSETCATALOG_COMPILER_APPICON_NAME = AppIcon;
				ASSETCATALOG_COMPILER_GLOBAL_ACCENT_COLOR_NAME = AccentColor;
				CODE_SIGN_ENTITLEMENTS = Simon/Simon.entitlements;
				CODE_SIGN_STYLE = Automatic;
				CURRENT_PROJECT_VERSION = 1;
				DEVELOPMENT_ASSET_PATHS = "\"Simon/Preview Content\"";
				DEVELOPMENT_TEAM = XVX655S9D6;
				ENABLE_HARDENED_RUNTIME = YES;
				ENABLE_PREVIEWS = YES;
				GENERATE_INFOPLIST_FILE = YES;
				"INFOPLIST_KEY_UIApplicationSceneManifest_Generation[sdk=iphoneos*]" = YES;
				"INFOPLIST_KEY_UIApplicationSceneManifest_Generation[sdk=iphonesimulator*]" = YES;
				"INFOPLIST_KEY_UIApplicationSupportsIndirectInputEvents[sdk=iphoneos*]" = YES;
				"INFOPLIST_KEY_UIApplicationSupportsIndirectInputEvents[sdk=iphonesimulator*]" = YES;
				"INFOPLIST_KEY_UILaunchScreen_Generation[sdk=iphoneos*]" = YES;
				"INFOPLIST_KEY_UILaunchScreen_Generation[sdk=iphonesimulator*]" = YES;
				"INFOPLIST_KEY_UIStatusBarStyle[sdk=iphoneos*]" = UIStatusBarStyleDefault;
				"INFOPLIST_KEY_UIStatusBarStyle[sdk=iphonesimulator*]" = UIStatusBarStyleDefault;
				INFOPLIST_KEY_UISupportedInterfaceOrientations_iPad = "UIInterfaceOrientationPortrait UIInterfaceOrientationPortraitUpsideDown UIInterfaceOrientationLandscapeLeft UIInterfaceOrientationLandscapeRight";
				INFOPLIST_KEY_UISupportedInterfaceOrientations_iPhone = "UIInterfaceOrientationPortrait UIInterfaceOrientationLandscapeLeft UIInterfaceOrientationLandscapeRight";
				IPHONEOS_DEPLOYMENT_TARGET = 17.5;
				LD_RUNPATH_SEARCH_PATHS = "@executable_path/Frameworks";
				"LD_RUNPATH_SEARCH_PATHS[sdk=macosx*]" = "@executable_path/../Frameworks";
				MACOSX_DEPLOYMENT_TARGET = 14.5;
				MARKETING_VERSION = 1.0;
				PRODUCT_BUNDLE_IDENTIFIER = myCompany.Simon;
				PRODUCT_NAME = "$(TARGET_NAME)";
				SDKROOT = auto;
				SUPPORTED_PLATFORMS = "iphoneos iphonesimulator macosx";
				SWIFT_EMIT_LOC_STRINGS = YES;
				SWIFT_VERSION = 5.0;
				TARGETED_DEVICE_FAMILY = "1,2";
			};
			name = Release;
		};
		68F3610E2C9C6D4300D4B75E /* Debug */ = {
			isa = XCBuildConfiguration;
			buildSettings = {
				ALWAYS_EMBED_SWIFT_STANDARD_LIBRARIES = YES;
				BUNDLE_LOADER = "$(TEST_HOST)";
				CODE_SIGN_STYLE = Automatic;
				CURRENT_PROJECT_VERSION = 1;
				DEVELOPMENT_TEAM = XVX655S9D6;
				GENERATE_INFOPLIST_FILE = YES;
				IPHONEOS_DEPLOYMENT_TARGET = 17.5;
				MACOSX_DEPLOYMENT_TARGET = 14.5;
				MARKETING_VERSION = 1.0;
				PRODUCT_BUNDLE_IDENTIFIER = myCompany.SimonTests;
				PRODUCT_NAME = "$(TARGET_NAME)";
				SDKROOT = auto;
				SUPPORTED_PLATFORMS = "iphoneos iphonesimulator macosx";
				SWIFT_EMIT_LOC_STRINGS = NO;
				SWIFT_VERSION = 5.0;
				TARGETED_DEVICE_FAMILY = "1,2";
				TEST_HOST = "$(BUILT_PRODUCTS_DIR)/Simon.app/$(BUNDLE_EXECUTABLE_FOLDER_PATH)/Simon";
			};
			name = Debug;
		};
		68F3610F2C9C6D4300D4B75E /* Release */ = {
			isa = XCBuildConfiguration;
			buildSettings = {
				ALWAYS_EMBED_SWIFT_STANDARD_LIBRARIES = YES;
				BUNDLE_LOADER = "$(TEST_HOST)";
				CODE_SIGN_STYLE = Automatic;
				CURRENT_PROJECT_VERSION = 1;
				DEVELOPMENT_TEAM = XVX655S9D6;
				GENERATE_INFOPLIST_FILE = YES;
				IPHONEOS_DEPLOYMENT_TARGET = 17.5;
				MACOSX_DEPLOYMENT_TARGET = 14.5;
				MARKETING_VERSION = 1.0;
				PRODUCT_BUNDLE_IDENTIFIER = myCompany.SimonTests;
				PRODUCT_NAME = "$(TARGET_NAME)";
				SDKROOT = auto;
				SUPPORTED_PLATFORMS = "iphoneos iphonesimulator macosx";
				SWIFT_EMIT_LOC_STRINGS = NO;
				SWIFT_VERSION = 5.0;
				TARGETED_DEVICE_FAMILY = "1,2";
				TEST_HOST = "$(BUILT_PRODUCTS_DIR)/Simon.app/$(BUNDLE_EXECUTABLE_FOLDER_PATH)/Simon";
			};
			name = Release;
		};
		68F361112C9C6D4300D4B75E /* Debug */ = {
			isa = XCBuildConfiguration;
			buildSettings = {
				ALWAYS_EMBED_SWIFT_STANDARD_LIBRARIES = YES;
				CODE_SIGN_STYLE = Automatic;
				CURRENT_PROJECT_VERSION = 1;
				DEVELOPMENT_TEAM = XVX655S9D6;
				GENERATE_INFOPLIST_FILE = YES;
				IPHONEOS_DEPLOYMENT_TARGET = 17.5;
				MACOSX_DEPLOYMENT_TARGET = 14.5;
				MARKETING_VERSION = 1.0;
				PRODUCT_BUNDLE_IDENTIFIER = myCompany.SimonUITests;
				PRODUCT_NAME = "$(TARGET_NAME)";
				SDKROOT = auto;
				SUPPORTED_PLATFORMS = "iphoneos iphonesimulator macosx";
				SWIFT_EMIT_LOC_STRINGS = NO;
				SWIFT_VERSION = 5.0;
				TARGETED_DEVICE_FAMILY = "1,2";
				TEST_TARGET_NAME = Simon;
			};
			name = Debug;
		};
		68F361122C9C6D4300D4B75E /* Release */ = {
			isa = XCBuildConfiguration;
			buildSettings = {
				ALWAYS_EMBED_SWIFT_STANDARD_LIBRARIES = YES;
				CODE_SIGN_STYLE = Automatic;
				CURRENT_PROJECT_VERSION = 1;
				DEVELOPMENT_TEAM = XVX655S9D6;
				GENERATE_INFOPLIST_FILE = YES;
				IPHONEOS_DEPLOYMENT_TARGET = 17.5;
				MACOSX_DEPLOYMENT_TARGET = 14.5;
				MARKETING_VERSION = 1.0;
				PRODUCT_BUNDLE_IDENTIFIER = myCompany.SimonUITests;
				PRODUCT_NAME = "$(TARGET_NAME)";
				SDKROOT = auto;
				SUPPORTED_PLATFORMS = "iphoneos iphonesimulator macosx";
				SWIFT_EMIT_LOC_STRINGS = NO;
				SWIFT_VERSION = 5.0;
				TARGETED_DEVICE_FAMILY = "1,2";
				TEST_TARGET_NAME = Simon;
			};
			name = Release;
		};
/* End XCBuildConfiguration section */

/* Begin XCConfigurationList section */
		68F360E02C9C6D4100D4B75E /* Build configuration list for PBXProject "Simon" */ = {
			isa = XCConfigurationList;
			buildConfigurations = (
				68F361082C9C6D4300D4B75E /* Debug */,
				68F361092C9C6D4300D4B75E /* Release */,
			);
			defaultConfigurationIsVisible = 0;
			defaultConfigurationName = Release;
		};
		68F3610A2C9C6D4300D4B75E /* Build configuration list for PBXNativeTarget "Simon" */ = {
			isa = XCConfigurationList;
			buildConfigurations = (
				68F3610B2C9C6D4300D4B75E /* Debug */,
				68F3610C2C9C6D4300D4B75E /* Release */,
			);
			defaultConfigurationIsVisible = 0;
			defaultConfigurationName = Release;
		};
		68F3610D2C9C6D4300D4B75E /* Build configuration list for PBXNativeTarget "SimonTests" */ = {
			isa = XCConfigurationList;
			buildConfigurations = (
				68F3610E2C9C6D4300D4B75E /* Debug */,
				68F3610F2C9C6D4300D4B75E /* Release */,
			);
			defaultConfigurationIsVisible = 0;
			defaultConfigurationName = Release;
		};
		68F361102C9C6D4300D4B75E /* Build configuration list for PBXNativeTarget "SimonUITests" */ = {
			isa = XCConfigurationList;
			buildConfigurations = (
				68F361112C9C6D4300D4B75E /* Debug */,
				68F361122C9C6D4300D4B75E /* Release */,
			);
			defaultConfigurationIsVisible = 0;
			defaultConfigurationName = Release;
		};
/* End XCConfigurationList section */
	};
	rootObject = 68F360DD2C9C6D4100D4B75E /* Project object */;
}
